
Microsoft Visual Studio Solution File, Format Version 12.00
# Visual Studio 14
VisualStudioVersion = 14.0.25420.1
MinimumVisualStudioVersion = 10.0.40219.1
Project("{2150E333-8FDC-42A3-9474-1A3956D46DE8}") = "01. Domain", "01. Domain", "{DEC476DB-452A-439F-A34C-DE79927B32DC}"
EndProject
Project("{FAE04EC0-301F-11D3-BF4B-00C04F79EFBC}") = "Famot.ScannerReportsService.Entities", "Famot.ScannerReportsService.Entities\Famot.ScannerReportsService.Entities.csproj", "{4CD80642-CC3E-4C70-B1D9-8BC36218C307}"
EndProject
Global
	GlobalSection(SolutionConfigurationPlatforms) = preSolution
		Debug|Any CPU = Debug|Any CPU
		Release|Any CPU = Release|Any CPU
	EndGlobalSection
	GlobalSection(ProjectConfigurationPlatforms) = postSolution
		{4CD80642-CC3E-4C70-B1D9-8BC36218C307}.Debug|Any CPU.ActiveCfg = Debug|Any CPU
		{4CD80642-CC3E-4C70-B1D9-8BC36218C307}.Debug|Any CPU.Build.0 = Debug|Any CPU
		{4CD80642-CC3E-4C70-B1D9-8BC36218C307}.Release|Any CPU.ActiveCfg = Release|Any CPU
		{4CD80642-CC3E-4C70-B1D9-8BC36218C307}.Release|Any CPU.Build.0 = Release|Any CPU
	EndGlobalSection
	GlobalSection(SolutionProperties) = preSolution
		HideSolutionNode = FALSE
	EndGlobalSection
	GlobalSection(NestedProjects) = preSolution
		{4CD80642-CC3E-4C70-B1D9-8BC36218C307} = {DEC476DB-452A-439F-A34C-DE79927B32DC}
	EndGlobalSection
EndGlobal
