
Microsoft Visual Studio Solution File, Format Version 12.00
# Visual Studio 14
VisualStudioVersion = 14.0.25420.1
MinimumVisualStudioVersion = 10.0.40219.1
Project("{2150E333-8FDC-42A3-9474-1A3956D46DE8}") = "01. Domain", "01. Domain", "{DEC476DB-452A-439F-A34C-DE79927B32DC}"
EndProject
Project("{FAE04EC0-301F-11D3-BF4B-00C04F79EFBC}") = "Famot.ScannerReportsService.Entities", "Famot.ScannerReportsService.Entities\Famot.ScannerReportsService.Entities.csproj", "{4CD80642-CC3E-4C70-B1D9-8BC36218C307}"
EndProject
Project("{2150E333-8FDC-42A3-9474-1A3956D46DE8}") = "02. Repository Interfaces", "02. Repository Interfaces", "{2AED030A-E92E-4E76-AB88-A2B7A76CCBEC}"
EndProject
Project("{FAE04EC0-301F-11D3-BF4B-00C04F79EFBC}") = "Famot.ScannerReportsService.UnitOfWork", "Famot.ScannerReportsService.UnitOfWork\Famot.ScannerReportsService.UnitOfWork.csproj", "{A47D8322-7132-4230-8255-9794ADC449D8}"
EndProject
Project("{2150E333-8FDC-42A3-9474-1A3956D46DE8}") = "03. DTO", "03. DTO", "{D42E9AD6-0F12-43D2-964A-BB2ECDF6274F}"
EndProject
Project("{FAE04EC0-301F-11D3-BF4B-00C04F79EFBC}") = "Famot.ScannerReportsService.DtoEntities", "Famot.ScannerReportsService.DtoEntities\Famot.ScannerReportsService.DtoEntities.csproj", "{2CAA61BD-0FF1-4755-9AF2-1A8CA5562762}"
EndProject
Project("{2150E333-8FDC-42A3-9474-1A3956D46DE8}") = "04. Services", "04. Services", "{D817E0B0-A277-47C6-B7D9-5C74EA85B500}"
EndProject
Project("{FAE04EC0-301F-11D3-BF4B-00C04F79EFBC}") = "Famot.ScannerReportsService.SrsServices", "Famot.ScannerReportsService.SrsServices\Famot.ScannerReportsService.SrsServices.csproj", "{755712FE-4E35-4A2C-B3AC-E6AEF4E5C32B}"
EndProject
Project("{2150E333-8FDC-42A3-9474-1A3956D46DE8}") = "05. REST", "05. REST", "{3915629D-B9FD-4AE0-8E05-4A48DF14D260}"
EndProject
Project("{FAE04EC0-301F-11D3-BF4B-00C04F79EFBC}") = "Famot.ScannerReportsService.REST", "Famot.ScannerReportsService.REST\Famot.ScannerReportsService.REST.csproj", "{67D4FC6C-51A7-400C-BED2-1460AECC665E}"
EndProject
Global
	GlobalSection(SolutionConfigurationPlatforms) = preSolution
		Debug|Any CPU = Debug|Any CPU
		Release|Any CPU = Release|Any CPU
	EndGlobalSection
	GlobalSection(ProjectConfigurationPlatforms) = postSolution
		{4CD80642-CC3E-4C70-B1D9-8BC36218C307}.Debug|Any CPU.ActiveCfg = Debug|Any CPU
		{4CD80642-CC3E-4C70-B1D9-8BC36218C307}.Debug|Any CPU.Build.0 = Debug|Any CPU
		{4CD80642-CC3E-4C70-B1D9-8BC36218C307}.Release|Any CPU.ActiveCfg = Release|Any CPU
		{4CD80642-CC3E-4C70-B1D9-8BC36218C307}.Release|Any CPU.Build.0 = Release|Any CPU
		{A47D8322-7132-4230-8255-9794ADC449D8}.Debug|Any CPU.ActiveCfg = Debug|Any CPU
		{A47D8322-7132-4230-8255-9794ADC449D8}.Debug|Any CPU.Build.0 = Debug|Any CPU
		{A47D8322-7132-4230-8255-9794ADC449D8}.Release|Any CPU.ActiveCfg = Release|Any CPU
		{A47D8322-7132-4230-8255-9794ADC449D8}.Release|Any CPU.Build.0 = Release|Any CPU
		{2CAA61BD-0FF1-4755-9AF2-1A8CA5562762}.Debug|Any CPU.ActiveCfg = Debug|Any CPU
		{2CAA61BD-0FF1-4755-9AF2-1A8CA5562762}.Debug|Any CPU.Build.0 = Debug|Any CPU
		{2CAA61BD-0FF1-4755-9AF2-1A8CA5562762}.Release|Any CPU.ActiveCfg = Release|Any CPU
		{2CAA61BD-0FF1-4755-9AF2-1A8CA5562762}.Release|Any CPU.Build.0 = Release|Any CPU
		{755712FE-4E35-4A2C-B3AC-E6AEF4E5C32B}.Debug|Any CPU.ActiveCfg = Debug|Any CPU
		{755712FE-4E35-4A2C-B3AC-E6AEF4E5C32B}.Debug|Any CPU.Build.0 = Debug|Any CPU
		{755712FE-4E35-4A2C-B3AC-E6AEF4E5C32B}.Release|Any CPU.ActiveCfg = Release|Any CPU
		{755712FE-4E35-4A2C-B3AC-E6AEF4E5C32B}.Release|Any CPU.Build.0 = Release|Any CPU
		{67D4FC6C-51A7-400C-BED2-1460AECC665E}.Debug|Any CPU.ActiveCfg = Debug|Any CPU
		{67D4FC6C-51A7-400C-BED2-1460AECC665E}.Debug|Any CPU.Build.0 = Debug|Any CPU
		{67D4FC6C-51A7-400C-BED2-1460AECC665E}.Release|Any CPU.ActiveCfg = Release|Any CPU
		{67D4FC6C-51A7-400C-BED2-1460AECC665E}.Release|Any CPU.Build.0 = Release|Any CPU
	EndGlobalSection
	GlobalSection(SolutionProperties) = preSolution
		HideSolutionNode = FALSE
	EndGlobalSection
	GlobalSection(NestedProjects) = preSolution
		{4CD80642-CC3E-4C70-B1D9-8BC36218C307} = {DEC476DB-452A-439F-A34C-DE79927B32DC}
		{A47D8322-7132-4230-8255-9794ADC449D8} = {2AED030A-E92E-4E76-AB88-A2B7A76CCBEC}
		{2CAA61BD-0FF1-4755-9AF2-1A8CA5562762} = {D42E9AD6-0F12-43D2-964A-BB2ECDF6274F}
		{755712FE-4E35-4A2C-B3AC-E6AEF4E5C32B} = {D817E0B0-A277-47C6-B7D9-5C74EA85B500}
		{67D4FC6C-51A7-400C-BED2-1460AECC665E} = {3915629D-B9FD-4AE0-8E05-4A48DF14D260}
	EndGlobalSection
EndGlobal
